{
  "originHash" : "6d8f3fc256f446f0e799931a9fe5675df64212c34c64e34c7ba45c16dd724348",
  "pins" : [
    {
      "identity" : "flowstacks",
      "kind" : "remoteSourceControl",
      "location" : "https://github.com/johnpatrickmorgan/FlowStacks",
      "state" : {
        "revision" : "208bb6b1579c5ce53cf2df659ccb040ab1a0844a",
        "version" : "0.7.1"
      }
    }
  ],
  "version" : 3
}
